
Microsoft Visual Studio Solution File, Format Version 12.00
# Visual Studio 15
VisualStudioVersion = 15.0.26124.0
MinimumVisualStudioVersion = 15.0.26124.0
Project("{FAE04EC0-301F-11D3-BF4B-00C04F79EFBC}") = "GoCafe", "GoCafe\GoCafe.csproj", "{F1900EF4-89A2-4C01-AB2B-0E59D27C79A4}"
EndProject
Project("{FAE04EC0-301F-11D3-BF4B-00C04F79EFBC}") = "ApplicationCore", "ApplicationCore\ApplicationCore.csproj", "{6B4A0014-4774-4C3B-B602-B60DD4747170}"
EndProject
Project("{FAE04EC0-301F-11D3-BF4B-00C04F79EFBC}") = "Infrastructure", "Infrastructure\Infrastructure.csproj", "{DFEBB11D-380C-4554-9162-B518002A86A7}"
EndProject
Global
	GlobalSection(SolutionConfigurationPlatforms) = preSolution
		Debug|Any CPU = Debug|Any CPU
		Debug|x64 = Debug|x64
		Debug|x86 = Debug|x86
		Release|Any CPU = Release|Any CPU
		Release|x64 = Release|x64
		Release|x86 = Release|x86
	EndGlobalSection
	GlobalSection(SolutionProperties) = preSolution
		HideSolutionNode = FALSE
	EndGlobalSection
	GlobalSection(ProjectConfigurationPlatforms) = postSolution
		{F1900EF4-89A2-4C01-AB2B-0E59D27C79A4}.Debug|Any CPU.ActiveCfg = Debug|Any CPU
		{F1900EF4-89A2-4C01-AB2B-0E59D27C79A4}.Debug|Any CPU.Build.0 = Debug|Any CPU
		{F1900EF4-89A2-4C01-AB2B-0E59D27C79A4}.Debug|x64.ActiveCfg = Debug|Any CPU
		{F1900EF4-89A2-4C01-AB2B-0E59D27C79A4}.Debug|x64.Build.0 = Debug|Any CPU
		{F1900EF4-89A2-4C01-AB2B-0E59D27C79A4}.Debug|x86.ActiveCfg = Debug|Any CPU
		{F1900EF4-89A2-4C01-AB2B-0E59D27C79A4}.Debug|x86.Build.0 = Debug|Any CPU
		{F1900EF4-89A2-4C01-AB2B-0E59D27C79A4}.Release|Any CPU.ActiveCfg = Release|Any CPU
		{F1900EF4-89A2-4C01-AB2B-0E59D27C79A4}.Release|Any CPU.Build.0 = Release|Any CPU
		{F1900EF4-89A2-4C01-AB2B-0E59D27C79A4}.Release|x64.ActiveCfg = Release|Any CPU
		{F1900EF4-89A2-4C01-AB2B-0E59D27C79A4}.Release|x64.Build.0 = Release|Any CPU
		{F1900EF4-89A2-4C01-AB2B-0E59D27C79A4}.Release|x86.ActiveCfg = Release|Any CPU
		{F1900EF4-89A2-4C01-AB2B-0E59D27C79A4}.Release|x86.Build.0 = Release|Any CPU
		{6B4A0014-4774-4C3B-B602-B60DD4747170}.Debug|Any CPU.ActiveCfg = Debug|Any CPU
		{6B4A0014-4774-4C3B-B602-B60DD4747170}.Debug|Any CPU.Build.0 = Debug|Any CPU
		{6B4A0014-4774-4C3B-B602-B60DD4747170}.Debug|x64.ActiveCfg = Debug|Any CPU
		{6B4A0014-4774-4C3B-B602-B60DD4747170}.Debug|x64.Build.0 = Debug|Any CPU
		{6B4A0014-4774-4C3B-B602-B60DD4747170}.Debug|x86.ActiveCfg = Debug|Any CPU
		{6B4A0014-4774-4C3B-B602-B60DD4747170}.Debug|x86.Build.0 = Debug|Any CPU
		{6B4A0014-4774-4C3B-B602-B60DD4747170}.Release|Any CPU.ActiveCfg = Release|Any CPU
		{6B4A0014-4774-4C3B-B602-B60DD4747170}.Release|Any CPU.Build.0 = Release|Any CPU
		{6B4A0014-4774-4C3B-B602-B60DD4747170}.Release|x64.ActiveCfg = Release|Any CPU
		{6B4A0014-4774-4C3B-B602-B60DD4747170}.Release|x64.Build.0 = Release|Any CPU
		{6B4A0014-4774-4C3B-B602-B60DD4747170}.Release|x86.ActiveCfg = Release|Any CPU
		{6B4A0014-4774-4C3B-B602-B60DD4747170}.Release|x86.Build.0 = Release|Any CPU
		{DFEBB11D-380C-4554-9162-B518002A86A7}.Debug|Any CPU.ActiveCfg = Debug|Any CPU
		{DFEBB11D-380C-4554-9162-B518002A86A7}.Debug|Any CPU.Build.0 = Debug|Any CPU
		{DFEBB11D-380C-4554-9162-B518002A86A7}.Debug|x64.ActiveCfg = Debug|Any CPU
		{DFEBB11D-380C-4554-9162-B518002A86A7}.Debug|x64.Build.0 = Debug|Any CPU
		{DFEBB11D-380C-4554-9162-B518002A86A7}.Debug|x86.ActiveCfg = Debug|Any CPU
		{DFEBB11D-380C-4554-9162-B518002A86A7}.Debug|x86.Build.0 = Debug|Any CPU
		{DFEBB11D-380C-4554-9162-B518002A86A7}.Release|Any CPU.ActiveCfg = Release|Any CPU
		{DFEBB11D-380C-4554-9162-B518002A86A7}.Release|Any CPU.Build.0 = Release|Any CPU
		{DFEBB11D-380C-4554-9162-B518002A86A7}.Release|x64.ActiveCfg = Release|Any CPU
		{DFEBB11D-380C-4554-9162-B518002A86A7}.Release|x64.Build.0 = Release|Any CPU
		{DFEBB11D-380C-4554-9162-B518002A86A7}.Release|x86.ActiveCfg = Release|Any CPU
		{DFEBB11D-380C-4554-9162-B518002A86A7}.Release|x86.Build.0 = Release|Any CPU
	EndGlobalSection
EndGlobal
